Microsoft Visual Studio Solution File, Format Version 11.00
# Visual Studio 2008

Project("{A5DF26BA-449D-362B-856A-B05CF5B85A91}") = "CampusCity_Estudo03", "Assembly-UnityScript.unityproj", "{697B3B91-FA0B-BE95-C635-A5F238DF8E41}"
EndProject
Global
	GlobalSection(SolutionConfigurationPlatforms) = preSolution
		Debug|Any CPU = Debug|Any CPU
		Release|Any CPU = Release|Any CPU
	EndGlobalSection
	GlobalSection(ProjectConfigurationPlatforms) = postSolution
		{697B3B91-FA0B-BE95-C635-A5F238DF8E41}.Debug|Any CPU.ActiveCfg = Debug|Any CPU
		{697B3B91-FA0B-BE95-C635-A5F238DF8E41}.Debug|Any CPU.Build.0 = Debug|Any CPU
		{697B3B91-FA0B-BE95-C635-A5F238DF8E41}.Release|Any CPU.ActiveCfg = Release|Any CPU
		{697B3B91-FA0B-BE95-C635-A5F238DF8E41}.Release|Any CPU.Build.0 = Release|Any CPU
	EndGlobalSection
	GlobalSection(SolutionProperties) = preSolution
		HideSolutionNode = FALSE
	EndGlobalSection
	GlobalSection(MonoDevelopProperties) = preSolution
		StartupItem = Assembly-CSharp.csproj
		Policies = $0
		$0.TextStylePolicy = $1
		$1.inheritsSet = null
		$1.scope = text/x-csharp
		$0.CSharpFormattingPolicy = $2
		$2.inheritsSet = Mono
		$2.inheritsScope = text/x-csharp
		$2.scope = text/x-csharp
		$0.TextStylePolicy = $3
		$3.FileWidth = 120
		$3.TabWidth = 4
		$3.EolMarker = Unix
		$3.inheritsSet = Mono
		$3.inheritsScope = text/plain
		$3.scope = text/plain
	EndGlobalSection
EndGlobal
